// !$*UTF8*$!
{
	archiveVersion = 1;
	classes = {
	};
	objectVersion = 46;
	objects = {

/* Begin PBXBuildFile section */
		6405EFC51DAF9997006B2FB2 /* AppDelegate.swift in Sources */ = {isa = PBXBuildFile; fileRef = 6405EFC41DAF9997006B2FB2 /* AppDelegate.swift */; };
		6405EFC71DAF9997006B2FB2 /* NewsTableViewController.swift in Sources */ = {isa = PBXBuildFile; fileRef = 6405EFC61DAF9997006B2FB2 /* NewsTableViewController.swift */; };
		6405EFCA1DAF9997006B2FB2 /* Main.storyboard in Resources */ = {isa = PBXBuildFile; fileRef = 6405EFC81DAF9997006B2FB2 /* Main.storyboard */; };
		6405EFCD1DAF9997006B2FB2 /* ArcSin.xcdatamodeld in Sources */ = {isa = PBXBuildFile; fileRef = 6405EFCB1DAF9997006B2FB2 /* ArcSin.xcdatamodeld */; };
		6405EFCF1DAF9998006B2FB2 /* Assets.xcassets in Resources */ = {isa = PBXBuildFile; fileRef = 6405EFCE1DAF9998006B2FB2 /* Assets.xcassets */; };
		6405EFD21DAF9998006B2FB2 /* LaunchScreen.storyboard in Resources */ = {isa = PBXBuildFile; fileRef = 6405EFD01DAF9998006B2FB2 /* LaunchScreen.storyboard */; };
		6405EFDA1DAF9A17006B2FB2 /* CoreDataTableViewController.swift in Sources */ = {isa = PBXBuildFile; fileRef = 6405EFD91DAF9A17006B2FB2 /* CoreDataTableViewController.swift */; };
		6405EFDC1DAF9A27006B2FB2 /* CoreDataManager.swift in Sources */ = {isa = PBXBuildFile; fileRef = 6405EFDB1DAF9A27006B2FB2 /* CoreDataManager.swift */; };
		6405EFE01DAF9C75006B2FB2 /* NetworkRequestHandler.swift in Sources */ = {isa = PBXBuildFile; fileRef = 6405EFDF1DAF9C75006B2FB2 /* NetworkRequestHandler.swift */; };
		6405EFE21DAF9DFD006B2FB2 /* Utils.swift in Sources */ = {isa = PBXBuildFile; fileRef = 6405EFE11DAF9DFD006B2FB2 /* Utils.swift */; };
		6405EFE41DAFA6AD006B2FB2 /* DeviceStatusIdentifier.swift in Sources */ = {isa = PBXBuildFile; fileRef = 6405EFE31DAFA6AD006B2FB2 /* DeviceStatusIdentifier.swift */; };
		6405EFE61DAFC82D006B2FB2 /* NewsTableViewCell.swift in Sources */ = {isa = PBXBuildFile; fileRef = 6405EFE51DAFC82D006B2FB2 /* NewsTableViewCell.swift */; };
		6405EFE81DAFCD34006B2FB2 /* News.swift in Sources */ = {isa = PBXBuildFile; fileRef = 6405EFE71DAFCD34006B2FB2 /* News.swift */; };
		647AA9511DAFE29B00E55A0A /* NewsDetailViewController.swift in Sources */ = {isa = PBXBuildFile; fileRef = 647AA9501DAFE29B00E55A0A /* NewsDetailViewController.swift */; };
/* End PBXBuildFile section */

/* Begin PBXFileReference section */
		6405EFC11DAF9997006B2FB2 /* ArcSin.app */ = {isa = PBXFileReference; explicitFileType = wrapper.application; includeInIndex = 0; path = ArcSin.app; sourceTree = BUILT_PRODUCTS_DIR; };
		6405EFC41DAF9997006B2FB2 /* AppDelegate.swift */ = {isa = PBXFileReference; lastKnownFileType = sourcecode.swift; path = AppDelegate.swift; sourceTree = "<group>"; };
		6405EFC61DAF9997006B2FB2 /* NewsTableViewController.swift */ = {isa = PBXFileReference; lastKnownFileType = sourcecode.swift; path = NewsTableViewController.swift; sourceTree = "<group>"; };
		6405EFC91DAF9997006B2FB2 /* Base */ = {isa = PBXFileReference; lastKnownFileType = file.storyboard; name = Base; path = Base.lproj/Main.storyboard; sourceTree = "<group>"; };
		6405EFCC1DAF9997006B2FB2 /* ArcSin.xcdatamodel */ = {isa = PBXFileReference; lastKnownFileType = wrapper.xcdatamodel; path = ArcSin.xcdatamodel; sourceTree = "<group>"; };
		6405EFCE1DAF9998006B2FB2 /* Assets.xcassets */ = {isa = PBXFileReference; lastKnownFileType = folder.assetcatalog; path = Assets.xcassets; sourceTree = "<group>"; };
		6405EFD11DAF9998006B2FB2 /* Base */ = {isa = PBXFileReference; lastKnownFileType = file.storyboard; name = Base; path = Base.lproj/LaunchScreen.storyboard; sourceTree = "<group>"; };
		6405EFD31DAF9998006B2FB2 /* Info.plist */ = {isa = PBXFileReference; lastKnownFileType = text.plist.xml; path = Info.plist; sourceTree = "<group>"; };
		6405EFD91DAF9A17006B2FB2 /* CoreDataTableViewController.swift */ = {isa = PBXFileReference; fileEncoding = 4; lastKnownFileType = sourcecode.swift; path = CoreDataTableViewController.swift; sourceTree = "<group>"; };
		6405EFDB1DAF9A27006B2FB2 /* CoreDataManager.swift */ = {isa = PBXFileReference; fileEncoding = 4; lastKnownFileType = sourcecode.swift; path = CoreDataManager.swift; sourceTree = "<group>"; };
		6405EFDF1DAF9C75006B2FB2 /* NetworkRequestHandler.swift */ = {isa = PBXFileReference; fileEncoding = 4; lastKnownFileType = sourcecode.swift; path = NetworkRequestHandler.swift; sourceTree = "<group>"; };
		6405EFE11DAF9DFD006B2FB2 /* Utils.swift */ = {isa = PBXFileReference; fileEncoding = 4; lastKnownFileType = sourcecode.swift; path = Utils.swift; sourceTree = "<group>"; };
		6405EFE31DAFA6AD006B2FB2 /* DeviceStatusIdentifier.swift */ = {isa = PBXFileReference; fileEncoding = 4; lastKnownFileType = sourcecode.swift; path = DeviceStatusIdentifier.swift; sourceTree = "<group>"; };
		6405EFE51DAFC82D006B2FB2 /* NewsTableViewCell.swift */ = {isa = PBXFileReference; fileEncoding = 4; lastKnownFileType = sourcecode.swift; path = NewsTableViewCell.swift; sourceTree = "<group>"; };
		6405EFE71DAFCD34006B2FB2 /* News.swift */ = {isa = PBXFileReference; fileEncoding = 4; lastKnownFileType = sourcecode.swift; path = News.swift; sourceTree = "<group>"; };
		647AA9501DAFE29B00E55A0A /* NewsDetailViewController.swift */ = {isa = PBXFileReference; fileEncoding = 4; lastKnownFileType = sourcecode.swift; path = NewsDetailViewController.swift; sourceTree = "<group>"; };
/* End PBXFileReference section */

/* Begin PBXFrameworksBuildPhase section */
		6405EFBE1DAF9997006B2FB2 /* Frameworks */ = {
			isa = PBXFrameworksBuildPhase;
			buildActionMask = 2147483647;
			files = (
			);
			runOnlyForDeploymentPostprocessing = 0;
		};
/* End PBXFrameworksBuildPhase section */

/* Begin PBXGroup section */
		6405EFB81DAF9997006B2FB2 = {
			isa = PBXGroup;
			children = (
				6405EFC31DAF9997006B2FB2 /* ArcSin */,
				6405EFC21DAF9997006B2FB2 /* Products */,
			);
			sourceTree = "<group>";
		};
		6405EFC21DAF9997006B2FB2 /* Products */ = {
			isa = PBXGroup;
			children = (
				6405EFC11DAF9997006B2FB2 /* ArcSin.app */,
			);
			name = Products;
			sourceTree = "<group>";
		};
		6405EFC31DAF9997006B2FB2 /* ArcSin */ = {
			isa = PBXGroup;
			children = (
				6405EFC41DAF9997006B2FB2 /* AppDelegate.swift */,
				6405EFC61DAF9997006B2FB2 /* NewsTableViewController.swift */,
				6405EFDB1DAF9A27006B2FB2 /* CoreDataManager.swift */,
				6405EFE51DAFC82D006B2FB2 /* NewsTableViewCell.swift */,
				6405EFDF1DAF9C75006B2FB2 /* NetworkRequestHandler.swift */,
				647AA9501DAFE29B00E55A0A /* NewsDetailViewController.swift */,
				6405EFE11DAF9DFD006B2FB2 /* Utils.swift */,
				6405EFE71DAFCD34006B2FB2 /* News.swift */,
				6405EFE31DAFA6AD006B2FB2 /* DeviceStatusIdentifier.swift */,
				6405EFD91DAF9A17006B2FB2 /* CoreDataTableViewController.swift */,
				6405EFC81DAF9997006B2FB2 /* Main.storyboard */,
				6405EFCE1DAF9998006B2FB2 /* Assets.xcassets */,
				6405EFD01DAF9998006B2FB2 /* LaunchScreen.storyboard */,
				6405EFD31DAF9998006B2FB2 /* Info.plist */,
				6405EFCB1DAF9997006B2FB2 /* ArcSin.xcdatamodeld */,
			);
			path = ArcSin;
			sourceTree = "<group>";
		};
/* End PBXGroup section */

/* Begin PBXNativeTarget section */
		6405EFC01DAF9997006B2FB2 /* ArcSin */ = {
			isa = PBXNativeTarget;
			buildConfigurationList = 6405EFD61DAF9998006B2FB2 /* Build configuration list for PBXNativeTarget "ArcSin" */;
			buildPhases = (
				6405EFBD1DAF9997006B2FB2 /* Sources */,
				6405EFBE1DAF9997006B2FB2 /* Frameworks */,
				6405EFBF1DAF9997006B2FB2 /* Resources */,
			);
			buildRules = (
			);
			dependencies = (
			);
			name = ArcSin;
			productName = ArcSin;
			productReference = 6405EFC11DAF9997006B2FB2 /* ArcSin.app */;
			productType = "com.apple.product-type.application";
		};
/* End PBXNativeTarget section */

/* Begin PBXProject section */
		6405EFB91DAF9997006B2FB2 /* Project object */ = {
			isa = PBXProject;
			attributes = {
				LastSwiftUpdateCheck = 0800;
				LastUpgradeCheck = 0800;
				ORGANIZATIONNAME = AuroraInterplay;
				TargetAttributes = {
					6405EFC01DAF9997006B2FB2 = {
						CreatedOnToolsVersion = 8.0;
						DevelopmentTeam = 99MX98QF2R;
						ProvisioningStyle = Automatic;
					};
				};
			};
			buildConfigurationList = 6405EFBC1DAF9997006B2FB2 /* Build configuration list for PBXProject "ArcSin" */;
			compatibilityVersion = "Xcode 3.2";
			developmentRegion = English;
			hasScannedForEncodings = 0;
			knownRegions = (
				en,
				Base,
			);
			mainGroup = 6405EFB81DAF9997006B2FB2;
			productRefGroup = 6405EFC21DAF9997006B2FB2 /* Products */;
			projectDirPath = "";
			projectRoot = "";
			targets = (
				6405EFC01DAF9997006B2FB2 /* ArcSin */,
			);
		};
/* End PBXProject section */

/* Begin PBXResourcesBuildPhase section */
		6405EFBF1DAF9997006B2FB2 /* Resources */ = {
			isa = PBXResourcesBuildPhase;
			buildActionMask = 2147483647;
			files = (
				6405EFD21DAF9998006B2FB2 /* LaunchScreen.storyboard in Resources */,
				6405EFCF1DAF9998006B2FB2 /* Assets.xcassets in Resources */,
				6405EFCA1DAF9997006B2FB2 /* Main.storyboard in Resources */,
			);
			runOnlyForDeploymentPostprocessing = 0;
		};
/* End PBXResourcesBuildPhase section */

/* Begin PBXSourcesBuildPhase section */
		6405EFBD1DAF9997006B2FB2 /* Sources */ = {
			isa = PBXSourcesBuildPhase;
			buildActionMask = 2147483647;
			files = (
				6405EFC71DAF9997006B2FB2 /* NewsTableViewController.swift in Sources */,
				6405EFDC1DAF9A27006B2FB2 /* CoreDataManager.swift in Sources */,
				6405EFCD1DAF9997006B2FB2 /* ArcSin.xcdatamodeld in Sources */,
				6405EFDA1DAF9A17006B2FB2 /* CoreDataTableViewController.swift in Sources */,
				6405EFE41DAFA6AD006B2FB2 /* DeviceStatusIdentifier.swift in Sources */,
				6405EFC51DAF9997006B2FB2 /* AppDelegate.swift in Sources */,
				647AA9511DAFE29B00E55A0A /* NewsDetailViewController.swift in Sources */,
				6405EFE01DAF9C75006B2FB2 /* NetworkRequestHandler.swift in Sources */,
				6405EFE21DAF9DFD006B2FB2 /* Utils.swift in Sources */,
				6405EFE81DAFCD34006B2FB2 /* News.swift in Sources */,
				6405EFE61DAFC82D006B2FB2 /* NewsTableViewCell.swift in Sources */,
			);
			runOnlyForDeploymentPostprocessing = 0;
		};
/* End PBXSourcesBuildPhase section */

/* Begin PBXVariantGroup section */
		6405EFC81DAF9997006B2FB2 /* Main.storyboard */ = {
			isa = PBXVariantGroup;
			children = (
				6405EFC91DAF9997006B2FB2 /* Base */,
			);
			name = Main.storyboard;
			sourceTree = "<group>";
		};
		6405EFD01DAF9998006B2FB2 /* LaunchScreen.storyboard */ = {
			isa = PBXVariantGroup;
			children = (
				6405EFD11DAF9998006B2FB2 /* Base */,
			);
			name = LaunchScreen.storyboard;
			sourceTree = "<group>";
		};
/* End PBXVariantGroup section */

/* Begin XCBuildConfiguration section */
		6405EFD41DAF9998006B2FB2 /* Debug */ = {
			isa = XCBuildConfiguration;
			buildSettings = {
				ALWAYS_SEARCH_USER_PATHS = NO;
				CLANG_ANALYZER_NONNULL = YES;
				CLANG_CXX_LANGUAGE_STANDARD = "gnu++0x";
				CLANG_CXX_LIBRARY = "libc++";
				CLANG_ENABLE_MODULES = YES;
				CLANG_ENABLE_OBJC_ARC = YES;
				CLANG_WARN_BOOL_CONVERSION = YES;
				CLANG_WARN_CONSTANT_CONVERSION = YES;
				CLANG_WARN_DIRECT_OBJC_ISA_USAGE = YES_ERROR;
				CLANG_WARN_DOCUMENTATION_COMMENTS = YES;
				CLANG_WARN_EMPTY_BODY = YES;
				CLANG_WARN_ENUM_CONVERSION = YES;
				CLANG_WARN_INFINITE_RECURSION = YES;
				CLANG_WARN_INT_CONVERSION = YES;
				CLANG_WARN_OBJC_ROOT_CLASS = YES_ERROR;
				CLANG_WARN_SUSPICIOUS_MOVES = YES;
				CLANG_WARN_UNREACHABLE_CODE = YES;
				CLANG_WARN__DUPLICATE_METHOD_MATCH = YES;
				"CODE_SIGN_IDENTITY[sdk=iphoneos*]" = "iPhone Developer";
				COPY_PHASE_STRIP = NO;
				DEBUG_INFORMATION_FORMAT = dwarf;
				ENABLE_STRICT_OBJC_MSGSEND = YES;
				ENABLE_TESTABILITY = YES;
				GCC_C_LANGUAGE_STANDARD = gnu99;
				GCC_DYNAMIC_NO_PIC = NO;
				GCC_NO_COMMON_BLOCKS = YES;
				GCC_OPTIMIZATION_LEVEL = 0;
				GCC_PREPROCESSOR_DEFINITIONS = (
					"DEBUG=1",
					"$(inherited)",
				);
				GCC_WARN_64_TO_32_BIT_CONVERSION = YES;
				GCC_WARN_ABOUT_RETURN_TYPE = YES_ERROR;
				GCC_WARN_UNDECLARED_SELECTOR = YES;
				GCC_WARN_UNINITIALIZED_AUTOS = YES_AGGRESSIVE;
				GCC_WARN_UNUSED_FUNCTION = YES;
				GCC_WARN_UNUSED_VARIABLE = YES;
				IPHONEOS_DEPLOYMENT_TARGET = 10.0;
				MTL_ENABLE_DEBUG_INFO = YES;
				ONLY_ACTIVE_ARCH = YES;
				SDKROOT = iphoneos;
				SWIFT_ACTIVE_COMPILATION_CONDITIONS = DEBUG;
				SWIFT_OPTIMIZATION_LEVEL = "-Onone";
			};
			name = Debug;
		};
		6405EFD51DAF9998006B2FB2 /* Release */ = {
			isa = XCBuildConfiguration;
			buildSettings = {
				ALWAYS_SEARCH_USER_PATHS = NO;
				CLANG_ANALYZER_NONNULL = YES;
				CLANG_CXX_LANGUAGE_STANDARD = "gnu++0x";
				CLANG_CXX_LIBRARY = "libc++";
				CLANG_ENABLE_MODULES = YES;
				CLANG_ENABLE_OBJC_ARC = YES;
				CLANG_WARN_BOOL_CONVERSION = YES;
				CLANG_WARN_CONSTANT_CONVERSION = YES;
				CLANG_WARN_DIRECT_OBJC_ISA_USAGE = YES_ERROR;
				CLANG_WARN_DOCUMENTATION_COMMENTS = YES;
				CLANG_WARN_EMPTY_BODY = YES;
				CLANG_WARN_ENUM_CONVERSION = YES;
				CLANG_WARN_INFINITE_RECURSION = YES;
				CLANG_WARN_INT_CONVERSION = YES;
				CLANG_WARN_OBJC_ROOT_CLASS = YES_ERROR;
				CLANG_WARN_SUSPICIOUS_MOVES = YES;
				CLANG_WARN_UNREACHABLE_CODE = YES;
				CLANG_WARN__DUPLICATE_METHOD_MATCH = YES;
				"CODE_SIGN_IDENTITY[sdk=iphoneos*]" = "iPhone Developer";
				COPY_PHASE_STRIP = NO;
				DEBUG_INFORMATION_FORMAT = "dwarf-with-dsym";
				ENABLE_NS_ASSERTIONS = NO;
				ENABLE_STRICT_OBJC_MSGSEND = YES;
				GCC_C_LANGUAGE_STANDARD = gnu99;
				GCC_NO_COMMON_BLOCKS = YES;
				GCC_WARN_64_TO_32_BIT_CONVERSION = YES;
				GCC_WARN_ABOUT_RETURN_TYPE = YES_ERROR;
				GCC_WARN_UNDECLARED_SELECTOR = YES;
				GCC_WARN_UNINITIALIZED_AUTOS = YES_AGGRESSIVE;
				GCC_WARN_UNUSED_FUNCTION = YES;
				GCC_WARN_UNUSED_VARIABLE = YES;
				IPHONEOS_DEPLOYMENT_TARGET = 10.0;
				MTL_ENABLE_DEBUG_INFO = NO;
				SDKROOT = iphoneos;
				SWIFT_OPTIMIZATION_LEVEL = "-Owholemodule";
				VALIDATE_PRODUCT = YES;
			};
			name = Release;
		};
		6405EFD71DAF9998006B2FB2 /* Debug */ = {
			isa = XCBuildConfiguration;
			buildSettings = {
				ASSETCATALOG_COMPILER_APPICON_NAME = AppIcon;
				DEVELOPMENT_TEAM = 99MX98QF2R;
				INFOPLIST_FILE = ArcSin/Info.plist;
				LD_RUNPATH_SEARCH_PATHS = "$(inherited) @executable_path/Frameworks";
				PRODUCT_BUNDLE_IDENTIFIER = AuroraInterplay.ArcSin;
				PRODUCT_NAME = "$(TARGET_NAME)";
				SWIFT_VERSION = 3.0;
			};
			name = Debug;
		};
		6405EFD81DAF9998006B2FB2 /* Release */ = {
			isa = XCBuildConfiguration;
			buildSettings = {
				ASSETCATALOG_COMPILER_APPICON_NAME = AppIcon;
				DEVELOPMENT_TEAM = 99MX98QF2R;
				INFOPLIST_FILE = ArcSin/Info.plist;
				LD_RUNPATH_SEARCH_PATHS = "$(inherited) @executable_path/Frameworks";
				PRODUCT_BUNDLE_IDENTIFIER = AuroraInterplay.ArcSin;
				PRODUCT_NAME = "$(TARGET_NAME)";
				SWIFT_VERSION = 3.0;
			};
			name = Release;
		};
/* End XCBuildConfiguration section */

/* Begin XCConfigurationList section */
		6405EFBC1DAF9997006B2FB2 /* Build configuration list for PBXProject "ArcSin" */ = {
			isa = XCConfigurationList;
			buildConfigurations = (
				6405EFD41DAF9998006B2FB2 /* Debug */,
				6405EFD51DAF9998006B2FB2 /* Release */,
			);
			defaultConfigurationIsVisible = 0;
			defaultConfigurationName = Release;
		};
		6405EFD61DAF9998006B2FB2 /* Build configuration list for PBXNativeTarget "ArcSin" */ = {
			isa = XCConfigurationList;
			buildConfigurations = (
				6405EFD71DAF9998006B2FB2 /* Debug */,
				6405EFD81DAF9998006B2FB2 /* Release */,
			);
			defaultConfigurationIsVisible = 0;
			defaultConfigurationName = Release;
		};
/* End XCConfigurationList section */

/* Begin XCVersionGroup section */
		6405EFCB1DAF9997006B2FB2 /* ArcSin.xcdatamodeld */ = {
			isa = XCVersionGroup;
			children = (
				6405EFCC1DAF9997006B2FB2 /* ArcSin.xcdatamodel */,
			);
			currentVersion = 6405EFCC1DAF9997006B2FB2 /* ArcSin.xcdatamodel */;
			path = ArcSin.xcdatamodeld;
			sourceTree = "<group>";
			versionGroupType = wrapper.xcdatamodel;
		};
/* End XCVersionGroup section */
	};
	rootObject = 6405EFB91DAF9997006B2FB2 /* Project object */;
}
